
Microsoft Visual Studio Solution File, Format Version 12.00
# Visual Studio 2012
Project("{FAE04EC0-301F-11D3-BF4B-00C04F79EFBC}") = "DynamicProxy", "DynamicProxy\DynamicProxy.csproj", "{D0DD4DAC-0341-4EE0-A203-94767009CA4B}"
EndProject
Project("{FAE04EC0-301F-11D3-BF4B-00C04F79EFBC}") = "Demostracion", "Demostracion\Demostracion.csproj", "{DDF1E058-F9B7-41FB-A735-79F90AAC50D4}"
EndProject
Global
	GlobalSection(SolutionConfigurationPlatforms) = preSolution
		Debug|Any CPU = Debug|Any CPU
		Release|Any CPU = Release|Any CPU
	EndGlobalSection
	GlobalSection(ProjectConfigurationPlatforms) = postSolution
		{D0DD4DAC-0341-4EE0-A203-94767009CA4B}.Debug|Any CPU.ActiveCfg = Debug|Any CPU
		{D0DD4DAC-0341-4EE0-A203-94767009CA4B}.Debug|Any CPU.Build.0 = Debug|Any CPU
		{D0DD4DAC-0341-4EE0-A203-94767009CA4B}.Release|Any CPU.ActiveCfg = Release|Any CPU
		{D0DD4DAC-0341-4EE0-A203-94767009CA4B}.Release|Any CPU.Build.0 = Release|Any CPU
		{DDF1E058-F9B7-41FB-A735-79F90AAC50D4}.Debug|Any CPU.ActiveCfg = Debug|Any CPU
		{DDF1E058-F9B7-41FB-A735-79F90AAC50D4}.Debug|Any CPU.Build.0 = Debug|Any CPU
		{DDF1E058-F9B7-41FB-A735-79F90AAC50D4}.Release|Any CPU.ActiveCfg = Release|Any CPU
		{DDF1E058-F9B7-41FB-A735-79F90AAC50D4}.Release|Any CPU.Build.0 = Release|Any CPU
	EndGlobalSection
	GlobalSection(SolutionProperties) = preSolution
		HideSolutionNode = FALSE
	EndGlobalSection
EndGlobal
